// !$*UTF8*$!
{
	archiveVersion = 1;
	classes = {
	};
	objectVersion = 46;
	objects = {

/* Begin PBXBuildFile section */
		429B5096193D30372B6DAE78 /* Pods_CallCenterSwift.framework in Frameworks */ = {isa = PBXBuildFile; fileRef = 31BD4563641E473CC4A188D4 /* Pods_CallCenterSwift.framework */; };
		69077A173CD5EE06A9AC8720 /* Pods_CallCenterSwiftTests.framework in Frameworks */ = {isa = PBXBuildFile; fileRef = 11FF073A2D845897C5B46F02 /* Pods_CallCenterSwiftTests.framework */; };
		80B65AA61E2E04F500C5A4E2 /* AppDelegate.swift in Sources */ = {isa = PBXBuildFile; fileRef = 80B65AA51E2E04F500C5A4E2 /* AppDelegate.swift */; };
		80B65AA81E2E04F500C5A4E2 /* ViewController.swift in Sources */ = {isa = PBXBuildFile; fileRef = 80B65AA71E2E04F500C5A4E2 /* ViewController.swift */; };
		80B65AAD1E2E04F500C5A4E2 /* Assets.xcassets in Resources */ = {isa = PBXBuildFile; fileRef = 80B65AAC1E2E04F500C5A4E2 /* Assets.xcassets */; };
		80B65AB01E2E04F500C5A4E2 /* LaunchScreen.storyboard in Resources */ = {isa = PBXBuildFile; fileRef = 80B65AAE1E2E04F500C5A4E2 /* LaunchScreen.storyboard */; };
		80B65ABB1E2E04F500C5A4E2 /* CallCenterSwiftTests.swift in Sources */ = {isa = PBXBuildFile; fileRef = 80B65ABA1E2E04F500C5A4E2 /* CallCenterSwiftTests.swift */; };
		80B65AC61E2E04F500C5A4E2 /* CallCenterSwiftUITests.swift in Sources */ = {isa = PBXBuildFile; fileRef = 80B65AC51E2E04F500C5A4E2 /* CallCenterSwiftUITests.swift */; };
/* End PBXBuildFile section */

/* Begin PBXContainerItemProxy section */
		80B65AB71E2E04F500C5A4E2 /* PBXContainerItemProxy */ = {
			isa = PBXContainerItemProxy;
			containerPortal = 80B65A9A1E2E04F500C5A4E2 /* Project object */;
			proxyType = 1;
			remoteGlobalIDString = 80B65AA11E2E04F500C5A4E2;
			remoteInfo = CallCenterSwift;
		};
		80B65AC21E2E04F500C5A4E2 /* PBXContainerItemProxy */ = {
			isa = PBXContainerItemProxy;
			containerPortal = 80B65A9A1E2E04F500C5A4E2 /* Project object */;
			proxyType = 1;
			remoteGlobalIDString = 80B65AA11E2E04F500C5A4E2;
			remoteInfo = CallCenterSwift;
		};
/* End PBXContainerItemProxy section */

/* Begin PBXFileReference section */
		11FF073A2D845897C5B46F02 /* Pods_CallCenterSwiftTests.framework */ = {isa = PBXFileReference; explicitFileType = wrapper.framework; includeInIndex = 0; path = Pods_CallCenterSwiftTests.framework; sourceTree = BUILT_PRODUCTS_DIR; };
		12D7620730AF36CAA7D71EF1 /* Pods-CallCenterSwift.release.xcconfig */ = {isa = PBXFileReference; includeInIndex = 1; lastKnownFileType = text.xcconfig; name = "Pods-CallCenterSwift.release.xcconfig"; path = "Pods/Target Support Files/Pods-CallCenterSwift/Pods-CallCenterSwift.release.xcconfig"; sourceTree = "<group>"; };
		31BD4563641E473CC4A188D4 /* Pods_CallCenterSwift.framework */ = {isa = PBXFileReference; explicitFileType = wrapper.framework; includeInIndex = 0; path = Pods_CallCenterSwift.framework; sourceTree = BUILT_PRODUCTS_DIR; };
		80B65AA21E2E04F500C5A4E2 /* CallCenterSwift.app */ = {isa = PBXFileReference; explicitFileType = wrapper.application; includeInIndex = 0; path = CallCenterSwift.app; sourceTree = BUILT_PRODUCTS_DIR; };
		80B65AA51E2E04F500C5A4E2 /* AppDelegate.swift */ = {isa = PBXFileReference; lastKnownFileType = sourcecode.swift; path = AppDelegate.swift; sourceTree = "<group>"; };
		80B65AA71E2E04F500C5A4E2 /* ViewController.swift */ = {isa = PBXFileReference; lastKnownFileType = sourcecode.swift; path = ViewController.swift; sourceTree = "<group>"; };
		80B65AAC1E2E04F500C5A4E2 /* Assets.xcassets */ = {isa = PBXFileReference; lastKnownFileType = folder.assetcatalog; path = Assets.xcassets; sourceTree = "<group>"; };
		80B65AAF1E2E04F500C5A4E2 /* Base */ = {isa = PBXFileReference; lastKnownFileType = file.storyboard; name = Base; path = Base.lproj/LaunchScreen.storyboard; sourceTree = "<group>"; };
		80B65AB11E2E04F500C5A4E2 /* Info.plist */ = {isa = PBXFileReference; lastKnownFileType = text.plist.xml; path = Info.plist; sourceTree = "<group>"; };
		80B65AB61E2E04F500C5A4E2 /* CallCenterSwiftTests.xctest */ = {isa = PBXFileReference; explicitFileType = wrapper.cfbundle; includeInIndex = 0; path = CallCenterSwiftTests.xctest; sourceTree = BUILT_PRODUCTS_DIR; };
		80B65ABA1E2E04F500C5A4E2 /* CallCenterSwiftTests.swift */ = {isa = PBXFileReference; lastKnownFileType = sourcecode.swift; path = CallCenterSwiftTests.swift; sourceTree = "<group>"; };
		80B65ABC1E2E04F500C5A4E2 /* Info.plist */ = {isa = PBXFileReference; lastKnownFileType = text.plist.xml; path = Info.plist; sourceTree = "<group>"; };
		80B65AC11E2E04F500C5A4E2 /* CallCenterSwiftUITests.xctest */ = {isa = PBXFileReference; explicitFileType = wrapper.cfbundle; includeInIndex = 0; path = CallCenterSwiftUITests.xctest; sourceTree = BUILT_PRODUCTS_DIR; };
		80B65AC51E2E04F500C5A4E2 /* CallCenterSwiftUITests.swift */ = {isa = PBXFileReference; lastKnownFileType = sourcecode.swift; path = CallCenterSwiftUITests.swift; sourceTree = "<group>"; };
		80B65AC71E2E04F500C5A4E2 /* Info.plist */ = {isa = PBXFileReference; lastKnownFileType = text.plist.xml; path = Info.plist; sourceTree = "<group>"; };
		960B6D213D3634CCD3D153B9 /* Pods-CallCenterSwiftTests.release.xcconfig */ = {isa = PBXFileReference; includeInIndex = 1; lastKnownFileType = text.xcconfig; name = "Pods-CallCenterSwiftTests.release.xcconfig"; path = "Pods/Target Support Files/Pods-CallCenterSwiftTests/Pods-CallCenterSwiftTests.release.xcconfig"; sourceTree = "<group>"; };
		C89C20DA4F4E0396428AFD08 /* Pods-CallCenterSwiftTests.debug.xcconfig */ = {isa = PBXFileReference; includeInIndex = 1; lastKnownFileType = text.xcconfig; name = "Pods-CallCenterSwiftTests.debug.xcconfig"; path = "Pods/Target Support Files/Pods-CallCenterSwiftTests/Pods-CallCenterSwiftTests.debug.xcconfig"; sourceTree = "<group>"; };
		F5C838D4EB47EF4514DB2640 /* Pods-CallCenterSwift.debug.xcconfig */ = {isa = PBXFileReference; includeInIndex = 1; lastKnownFileType = text.xcconfig; name = "Pods-CallCenterSwift.debug.xcconfig"; path = "Pods/Target Support Files/Pods-CallCenterSwift/Pods-CallCenterSwift.debug.xcconfig"; sourceTree = "<group>"; };
/* End PBXFileReference section */

/* Begin PBXFrameworksBuildPhase section */
		80B65A9F1E2E04F500C5A4E2 /* Frameworks */ = {
			isa = PBXFrameworksBuildPhase;
			buildActionMask = 2147483647;
			files = (
				429B5096193D30372B6DAE78 /* Pods_CallCenterSwift.framework in Frameworks */,
			);
			runOnlyForDeploymentPostprocessing = 0;
		};
		80B65AB31E2E04F500C5A4E2 /* Frameworks */ = {
			isa = PBXFrameworksBuildPhase;
			buildActionMask = 2147483647;
			files = (
				69077A173CD5EE06A9AC8720 /* Pods_CallCenterSwiftTests.framework in Frameworks */,
			);
			runOnlyForDeploymentPostprocessing = 0;
		};
		80B65ABE1E2E04F500C5A4E2 /* Frameworks */ = {
			isa = PBXFrameworksBuildPhase;
			buildActionMask = 2147483647;
			files = (
			);
			runOnlyForDeploymentPostprocessing = 0;
		};
/* End PBXFrameworksBuildPhase section */

/* Begin PBXGroup section */
		80B65A991E2E04F500C5A4E2 = {
			isa = PBXGroup;
			children = (
				80B65AA41E2E04F500C5A4E2 /* CallCenterSwift */,
				80B65AB91E2E04F500C5A4E2 /* CallCenterSwiftTests */,
				80B65AC41E2E04F500C5A4E2 /* CallCenterSwiftUITests */,
				80B65AA31E2E04F500C5A4E2 /* Products */,
				BB538A570FEF8DA50EDC4A70 /* Pods */,
				C8B8D13E23712BE95DBE83CC /* Frameworks */,
			);
			sourceTree = "<group>";
		};
		80B65AA31E2E04F500C5A4E2 /* Products */ = {
			isa = PBXGroup;
			children = (
				80B65AA21E2E04F500C5A4E2 /* CallCenterSwift.app */,
				80B65AB61E2E04F500C5A4E2 /* CallCenterSwiftTests.xctest */,
				80B65AC11E2E04F500C5A4E2 /* CallCenterSwiftUITests.xctest */,
			);
			name = Products;
			sourceTree = "<group>";
		};
		80B65AA41E2E04F500C5A4E2 /* CallCenterSwift */ = {
			isa = PBXGroup;
			children = (
				80B65AA51E2E04F500C5A4E2 /* AppDelegate.swift */,
				80B65AA71E2E04F500C5A4E2 /* ViewController.swift */,
				80B65AAC1E2E04F500C5A4E2 /* Assets.xcassets */,
				80B65AAE1E2E04F500C5A4E2 /* LaunchScreen.storyboard */,
				80B65AB11E2E04F500C5A4E2 /* Info.plist */,
			);
			path = CallCenterSwift;
			sourceTree = "<group>";
		};
		80B65AB91E2E04F500C5A4E2 /* CallCenterSwiftTests */ = {
			isa = PBXGroup;
			children = (
				80B65ABA1E2E04F500C5A4E2 /* CallCenterSwiftTests.swift */,
				80B65ABC1E2E04F500C5A4E2 /* Info.plist */,
			);
			path = CallCenterSwiftTests;
			sourceTree = "<group>";
		};
		80B65AC41E2E04F500C5A4E2 /* CallCenterSwiftUITests */ = {
			isa = PBXGroup;
			children = (
				80B65AC51E2E04F500C5A4E2 /* CallCenterSwiftUITests.swift */,
				80B65AC71E2E04F500C5A4E2 /* Info.plist */,
			);
			path = CallCenterSwiftUITests;
			sourceTree = "<group>";
		};
		BB538A570FEF8DA50EDC4A70 /* Pods */ = {
			isa = PBXGroup;
			children = (
				F5C838D4EB47EF4514DB2640 /* Pods-CallCenterSwift.debug.xcconfig */,
				12D7620730AF36CAA7D71EF1 /* Pods-CallCenterSwift.release.xcconfig */,
				C89C20DA4F4E0396428AFD08 /* Pods-CallCenterSwiftTests.debug.xcconfig */,
				960B6D213D3634CCD3D153B9 /* Pods-CallCenterSwiftTests.release.xcconfig */,
			);
			name = Pods;
			sourceTree = "<group>";
		};
		C8B8D13E23712BE95DBE83CC /* Frameworks */ = {
			isa = PBXGroup;
			children = (
				31BD4563641E473CC4A188D4 /* Pods_CallCenterSwift.framework */,
				11FF073A2D845897C5B46F02 /* Pods_CallCenterSwiftTests.framework */,
			);
			name = Frameworks;
			sourceTree = "<group>";
		};
/* End PBXGroup section */

/* Begin PBXNativeTarget section */
		80B65AA11E2E04F500C5A4E2 /* CallCenterSwift */ = {
			isa = PBXNativeTarget;
			buildConfigurationList = 80B65ACA1E2E04F500C5A4E2 /* Build configuration list for PBXNativeTarget "CallCenterSwift" */;
			buildPhases = (
				68B59D39F2DAC170BF3E5873 /* [CP] Check Pods Manifest.lock */,
				80B65A9E1E2E04F500C5A4E2 /* Sources */,
				80B65A9F1E2E04F500C5A4E2 /* Frameworks */,
				80B65AA01E2E04F500C5A4E2 /* Resources */,
				C8E071421374C0A4CBC61E9E /* [CP] Embed Pods Frameworks */,
				18DD2AA262B9A18A18683043 /* [CP] Copy Pods Resources */,
			);
			buildRules = (
			);
			dependencies = (
			);
			name = CallCenterSwift;
			productName = CallCenterSwift;
			productReference = 80B65AA21E2E04F500C5A4E2 /* CallCenterSwift.app */;
			productType = "com.apple.product-type.application";
		};
		80B65AB51E2E04F500C5A4E2 /* CallCenterSwiftTests */ = {
			isa = PBXNativeTarget;
			buildConfigurationList = 80B65ACD1E2E04F500C5A4E2 /* Build configuration list for PBXNativeTarget "CallCenterSwiftTests" */;
			buildPhases = (
				15E4947B7CEC1FC145AC4B6F /* [CP] Check Pods Manifest.lock */,
				80B65AB21E2E04F500C5A4E2 /* Sources */,
				80B65AB31E2E04F500C5A4E2 /* Frameworks */,
				80B65AB41E2E04F500C5A4E2 /* Resources */,
				38D6BB398C79A5B3E1513274 /* [CP] Embed Pods Frameworks */,
				F5F99B7211EE7F9B794F15CB /* [CP] Copy Pods Resources */,
			);
			buildRules = (
			);
			dependencies = (
				80B65AB81E2E04F500C5A4E2 /* PBXTargetDependency */,
			);
			name = CallCenterSwiftTests;
			productName = CallCenterSwiftTests;
			productReference = 80B65AB61E2E04F500C5A4E2 /* CallCenterSwiftTests.xctest */;
			productType = "com.apple.product-type.bundle.unit-test";
		};
		80B65AC01E2E04F500C5A4E2 /* CallCenterSwiftUITests */ = {
			isa = PBXNativeTarget;
			buildConfigurationList = 80B65AD01E2E04F500C5A4E2 /* Build configuration list for PBXNativeTarget "CallCenterSwiftUITests" */;
			buildPhases = (
				80B65ABD1E2E04F500C5A4E2 /* Sources */,
				80B65ABE1E2E04F500C5A4E2 /* Frameworks */,
				80B65ABF1E2E04F500C5A4E2 /* Resources */,
			);
			buildRules = (
			);
			dependencies = (
				80B65AC31E2E04F500C5A4E2 /* PBXTargetDependency */,
			);
			name = CallCenterSwiftUITests;
			productName = CallCenterSwiftUITests;
			productReference = 80B65AC11E2E04F500C5A4E2 /* CallCenterSwiftUITests.xctest */;
			productType = "com.apple.product-type.bundle.ui-testing";
		};
/* End PBXNativeTarget section */

/* Begin PBXProject section */
		80B65A9A1E2E04F500C5A4E2 /* Project object */ = {
			isa = PBXProject;
			attributes = {
				LastSwiftUpdateCheck = 0820;
				LastUpgradeCheck = 0820;
				ORGANIZATIONNAME = personal;
				TargetAttributes = {
					80B65AA11E2E04F500C5A4E2 = {
						CreatedOnToolsVersion = 8.2.1;
						DevelopmentTeam = 3NY6R8Z8T4;
						ProvisioningStyle = Automatic;
					};
					80B65AB51E2E04F500C5A4E2 = {
						CreatedOnToolsVersion = 8.2.1;
						ProvisioningStyle = Automatic;
						TestTargetID = 80B65AA11E2E04F500C5A4E2;
					};
					80B65AC01E2E04F500C5A4E2 = {
						CreatedOnToolsVersion = 8.2.1;
						ProvisioningStyle = Automatic;
						TestTargetID = 80B65AA11E2E04F500C5A4E2;
					};
				};
			};
			buildConfigurationList = 80B65A9D1E2E04F500C5A4E2 /* Build configuration list for PBXProject "CallCenterSwift" */;
			compatibilityVersion = "Xcode 3.2";
			developmentRegion = English;
			hasScannedForEncodings = 0;
			knownRegions = (
				en,
				Base,
			);
			mainGroup = 80B65A991E2E04F500C5A4E2;
			productRefGroup = 80B65AA31E2E04F500C5A4E2 /* Products */;
			projectDirPath = "";
			projectRoot = "";
			targets = (
				80B65AA11E2E04F500C5A4E2 /* CallCenterSwift */,
				80B65AB51E2E04F500C5A4E2 /* CallCenterSwiftTests */,
				80B65AC01E2E04F500C5A4E2 /* CallCenterSwiftUITests */,
			);
		};
/* End PBXProject section */

/* Begin PBXResourcesBuildPhase section */
		80B65AA01E2E04F500C5A4E2 /* Resources */ = {
			isa = PBXResourcesBuildPhase;
			buildActionMask = 2147483647;
			files = (
				80B65AB01E2E04F500C5A4E2 /* LaunchScreen.storyboard in Resources */,
				80B65AAD1E2E04F500C5A4E2 /* Assets.xcassets in Resources */,
			);
			runOnlyForDeploymentPostprocessing = 0;
		};
		80B65AB41E2E04F500C5A4E2 /* Resources */ = {
			isa = PBXResourcesBuildPhase;
			buildActionMask = 2147483647;
			files = (
			);
			runOnlyForDeploymentPostprocessing = 0;
		};
		80B65ABF1E2E04F500C5A4E2 /* Resources */ = {
			isa = PBXResourcesBuildPhase;
			buildActionMask = 2147483647;
			files = (
			);
			runOnlyForDeploymentPostprocessing = 0;
		};
/* End PBXResourcesBuildPhase section */

/* Begin PBXShellScriptBuildPhase section */
		15E4947B7CEC1FC145AC4B6F /* [CP] Check Pods Manifest.lock */ = {
			isa = PBXShellScriptBuildPhase;
			buildActionMask = 2147483647;
			files = (
			);
			inputPaths = (
			);
			name = "[CP] Check Pods Manifest.lock";
			outputPaths = (
			);
			runOnlyForDeploymentPostprocessing = 0;
			shellPath = /bin/sh;
			shellScript = "diff \"${PODS_ROOT}/../Podfile.lock\" \"${PODS_ROOT}/Manifest.lock\" > /dev/null\nif [ $? != 0 ] ; then\n    # print error to STDERR\n    echo \"error: The sandbox is not in sync with the Podfile.lock. Run 'pod install' or update your CocoaPods installation.\" >&2\n    exit 1\nfi\n";
			showEnvVarsInLog = 0;
		};
		18DD2AA262B9A18A18683043 /* [CP] Copy Pods Resources */ = {
			isa = PBXShellScriptBuildPhase;
			buildActionMask = 2147483647;
			files = (
			);
			inputPaths = (
			);
			name = "[CP] Copy Pods Resources";
			outputPaths = (
			);
			runOnlyForDeploymentPostprocessing = 0;
			shellPath = /bin/sh;
			shellScript = "\"${SRCROOT}/Pods/Target Support Files/Pods-CallCenterSwift/Pods-CallCenterSwift-resources.sh\"\n";
			showEnvVarsInLog = 0;
		};
		38D6BB398C79A5B3E1513274 /* [CP] Embed Pods Frameworks */ = {
			isa = PBXShellScriptBuildPhase;
			buildActionMask = 2147483647;
			files = (
			);
			inputPaths = (
			);
			name = "[CP] Embed Pods Frameworks";
			outputPaths = (
			);
			runOnlyForDeploymentPostprocessing = 0;
			shellPath = /bin/sh;
			shellScript = "\"${SRCROOT}/Pods/Target Support Files/Pods-CallCenterSwiftTests/Pods-CallCenterSwiftTests-frameworks.sh\"\n";
			showEnvVarsInLog = 0;
		};
		68B59D39F2DAC170BF3E5873 /* [CP] Check Pods Manifest.lock */ = {
			isa = PBXShellScriptBuildPhase;
			buildActionMask = 2147483647;
			files = (
			);
			inputPaths = (
			);
			name = "[CP] Check Pods Manifest.lock";
			outputPaths = (
			);
			runOnlyForDeploymentPostprocessing = 0;
			shellPath = /bin/sh;
			shellScript = "diff \"${PODS_ROOT}/../Podfile.lock\" \"${PODS_ROOT}/Manifest.lock\" > /dev/null\nif [ $? != 0 ] ; then\n    # print error to STDERR\n    echo \"error: The sandbox is not in sync with the Podfile.lock. Run 'pod install' or update your CocoaPods installation.\" >&2\n    exit 1\nfi\n";
			showEnvVarsInLog = 0;
		};
		C8E071421374C0A4CBC61E9E /* [CP] Embed Pods Frameworks */ = {
			isa = PBXShellScriptBuildPhase;
			buildActionMask = 2147483647;
			files = (
			);
			inputPaths = (
			);
			name = "[CP] Embed Pods Frameworks";
			outputPaths = (
			);
			runOnlyForDeploymentPostprocessing = 0;
			shellPath = /bin/sh;
			shellScript = "\"${SRCROOT}/Pods/Target Support Files/Pods-CallCenterSwift/Pods-CallCenterSwift-frameworks.sh\"\n";
			showEnvVarsInLog = 0;
		};
		F5F99B7211EE7F9B794F15CB /* [CP] Copy Pods Resources */ = {
			isa = PBXShellScriptBuildPhase;
			buildActionMask = 2147483647;
			files = (
			);
			inputPaths = (
			);
			name = "[CP] Copy Pods Resources";
			outputPaths = (
			);
			runOnlyForDeploymentPostprocessing = 0;
			shellPath = /bin/sh;
			shellScript = "\"${SRCROOT}/Pods/Target Support Files/Pods-CallCenterSwiftTests/Pods-CallCenterSwiftTests-resources.sh\"\n";
			showEnvVarsInLog = 0;
		};
/* End PBXShellScriptBuildPhase section */

/* Begin PBXSourcesBuildPhase section */
		80B65A9E1E2E04F500C5A4E2 /* Sources */ = {
			isa = PBXSourcesBuildPhase;
			buildActionMask = 2147483647;
			files = (
				80B65AA81E2E04F500C5A4E2 /* ViewController.swift in Sources */,
				80B65AA61E2E04F500C5A4E2 /* AppDelegate.swift in Sources */,
			);
			runOnlyForDeploymentPostprocessing = 0;
		};
		80B65AB21E2E04F500C5A4E2 /* Sources */ = {
			isa = PBXSourcesBuildPhase;
			buildActionMask = 2147483647;
			files = (
				80B65ABB1E2E04F500C5A4E2 /* CallCenterSwiftTests.swift in Sources */,
			);
			runOnlyForDeploymentPostprocessing = 0;
		};
		80B65ABD1E2E04F500C5A4E2 /* Sources */ = {
			isa = PBXSourcesBuildPhase;
			buildActionMask = 2147483647;
			files = (
				80B65AC61E2E04F500C5A4E2 /* CallCenterSwiftUITests.swift in Sources */,
			);
			runOnlyForDeploymentPostprocessing = 0;
		};
/* End PBXSourcesBuildPhase section */

/* Begin PBXTargetDependency section */
		80B65AB81E2E04F500C5A4E2 /* PBXTargetDependency */ = {
			isa = PBXTargetDependency;
			target = 80B65AA11E2E04F500C5A4E2 /* CallCenterSwift */;
			targetProxy = 80B65AB71E2E04F500C5A4E2 /* PBXContainerItemProxy */;
		};
		80B65AC31E2E04F500C5A4E2 /* PBXTargetDependency */ = {
			isa = PBXTargetDependency;
			target = 80B65AA11E2E04F500C5A4E2 /* CallCenterSwift */;
			targetProxy = 80B65AC21E2E04F500C5A4E2 /* PBXContainerItemProxy */;
		};
/* End PBXTargetDependency section */

/* Begin PBXVariantGroup section */
		80B65AAE1E2E04F500C5A4E2 /* LaunchScreen.storyboard */ = {
			isa = PBXVariantGroup;
			children = (
				80B65AAF1E2E04F500C5A4E2 /* Base */,
			);
			name = LaunchScreen.storyboard;
			sourceTree = "<group>";
		};
/* End PBXVariantGroup section */

/* Begin XCBuildConfiguration section */
		80B65AC81E2E04F500C5A4E2 /* Debug */ = {
			isa = XCBuildConfiguration;
			buildSettings = {
				ALWAYS_SEARCH_USER_PATHS = NO;
				CLANG_ANALYZER_NONNULL = YES;
				CLANG_CXX_LANGUAGE_STANDARD = "gnu++0x";
				CLANG_CXX_LIBRARY = "libc++";
				CLANG_ENABLE_MODULES = YES;
				CLANG_ENABLE_OBJC_ARC = YES;
				CLANG_WARN_BOOL_CONVERSION = YES;
				CLANG_WARN_CONSTANT_CONVERSION = YES;
				CLANG_WARN_DIRECT_OBJC_ISA_USAGE = YES_ERROR;
				CLANG_WARN_DOCUMENTATION_COMMENTS = YES;
				CLANG_WARN_EMPTY_BODY = YES;
				CLANG_WARN_ENUM_CONVERSION = YES;
				CLANG_WARN_INFINITE_RECURSION = YES;
				CLANG_WARN_INT_CONVERSION = YES;
				CLANG_WARN_OBJC_ROOT_CLASS = YES_ERROR;
				CLANG_WARN_SUSPICIOUS_MOVE = YES;
				CLANG_WARN_UNREACHABLE_CODE = YES;
				CLANG_WARN__DUPLICATE_METHOD_MATCH = YES;
				"CODE_SIGN_IDENTITY[sdk=iphoneos*]" = "iPhone Developer";
				COPY_PHASE_STRIP = NO;
				DEBUG_INFORMATION_FORMAT = dwarf;
				ENABLE_STRICT_OBJC_MSGSEND = YES;
				ENABLE_TESTABILITY = YES;
				GCC_C_LANGUAGE_STANDARD = gnu99;
				GCC_DYNAMIC_NO_PIC = NO;
				GCC_NO_COMMON_BLOCKS = YES;
				GCC_OPTIMIZATION_LEVEL = 0;
				GCC_PREPROCESSOR_DEFINITIONS = (
					"DEBUG=1",
					"$(inherited)",
				);
				GCC_WARN_64_TO_32_BIT_CONVERSION = YES;
				GCC_WARN_ABOUT_RETURN_TYPE = YES_ERROR;
				GCC_WARN_UNDECLARED_SELECTOR = YES;
				GCC_WARN_UNINITIALIZED_AUTOS = YES_AGGRESSIVE;
				GCC_WARN_UNUSED_FUNCTION = YES;
				GCC_WARN_UNUSED_VARIABLE = YES;
				IPHONEOS_DEPLOYMENT_TARGET = 10.2;
				MTL_ENABLE_DEBUG_INFO = YES;
				ONLY_ACTIVE_ARCH = YES;
				SDKROOT = iphoneos;
				SWIFT_ACTIVE_COMPILATION_CONDITIONS = DEBUG;
				SWIFT_OPTIMIZATION_LEVEL = "-Onone";
			};
			name = Debug;
		};
		80B65AC91E2E04F500C5A4E2 /* Release */ = {
			isa = XCBuildConfiguration;
			buildSettings = {
				ALWAYS_SEARCH_USER_PATHS = NO;
				CLANG_ANALYZER_NONNULL = YES;
				CLANG_CXX_LANGUAGE_STANDARD = "gnu++0x";
				CLANG_CXX_LIBRARY = "libc++";
				CLANG_ENABLE_MODULES = YES;
				CLANG_ENABLE_OBJC_ARC = YES;
				CLANG_WARN_BOOL_CONVERSION = YES;
				CLANG_WARN_CONSTANT_CONVERSION = YES;
				CLANG_WARN_DIRECT_OBJC_ISA_USAGE = YES_ERROR;
				CLANG_WARN_DOCUMENTATION_COMMENTS = YES;
				CLANG_WARN_EMPTY_BODY = YES;
				CLANG_WARN_ENUM_CONVERSION = YES;
				CLANG_WARN_INFINITE_RECURSION = YES;
				CLANG_WARN_INT_CONVERSION = YES;
				CLANG_WARN_OBJC_ROOT_CLASS = YES_ERROR;
				CLANG_WARN_SUSPICIOUS_MOVE = YES;
				CLANG_WARN_UNREACHABLE_CODE = YES;
				CLANG_WARN__DUPLICATE_METHOD_MATCH = YES;
				"CODE_SIGN_IDENTITY[sdk=iphoneos*]" = "iPhone Developer";
				COPY_PHASE_STRIP = NO;
				DEBUG_INFORMATION_FORMAT = "dwarf-with-dsym";
				ENABLE_NS_ASSERTIONS = NO;
				ENABLE_STRICT_OBJC_MSGSEND = YES;
				GCC_C_LANGUAGE_STANDARD = gnu99;
				GCC_NO_COMMON_BLOCKS = YES;
				GCC_WARN_64_TO_32_BIT_CONVERSION = YES;
				GCC_WARN_ABOUT_RETURN_TYPE = YES_ERROR;
				GCC_WARN_UNDECLARED_SELECTOR = YES;
				GCC_WARN_UNINITIALIZED_AUTOS = YES_AGGRESSIVE;
				GCC_WARN_UNUSED_FUNCTION = YES;
				GCC_WARN_UNUSED_VARIABLE = YES;
				IPHONEOS_DEPLOYMENT_TARGET = 10.2;
				MTL_ENABLE_DEBUG_INFO = NO;
				SDKROOT = iphoneos;
				SWIFT_OPTIMIZATION_LEVEL = "-Owholemodule";
				VALIDATE_PRODUCT = YES;
			};
			name = Release;
		};
		80B65ACB1E2E04F500C5A4E2 /* Debug */ = {
			isa = XCBuildConfiguration;
			baseConfigurationReference = F5C838D4EB47EF4514DB2640 /* Pods-CallCenterSwift.debug.xcconfig */;
			buildSettings = {
				ASSETCATALOG_COMPILER_APPICON_NAME = AppIcon;
				DEVELOPMENT_TEAM = 3NY6R8Z8T4;
				INFOPLIST_FILE = CallCenterSwift/Info.plist;
				IPHONEOS_DEPLOYMENT_TARGET = 8.2;
				LD_RUNPATH_SEARCH_PATHS = "$(inherited) @executable_path/Frameworks";
				PRODUCT_BUNDLE_IDENTIFIER = personal.zjy.CallCenterSwift;
				PRODUCT_NAME = "$(TARGET_NAME)";
				SWIFT_VERSION = 3.0;
			};
			name = Debug;
		};
		80B65ACC1E2E04F500C5A4E2 /* Release */ = {
			isa = XCBuildConfiguration;
			baseConfigurationReference = 12D7620730AF36CAA7D71EF1 /* Pods-CallCenterSwift.release.xcconfig */;
			buildSettings = {
				ASSETCATALOG_COMPILER_APPICON_NAME = AppIcon;
				DEVELOPMENT_TEAM = 3NY6R8Z8T4;
				INFOPLIST_FILE = CallCenterSwift/Info.plist;
				IPHONEOS_DEPLOYMENT_TARGET = 8.2;
				LD_RUNPATH_SEARCH_PATHS = "$(inherited) @executable_path/Frameworks";
				PRODUCT_BUNDLE_IDENTIFIER = personal.zjy.CallCenterSwift;
				PRODUCT_NAME = "$(TARGET_NAME)";
				SWIFT_VERSION = 3.0;
			};
			name = Release;
		};
		80B65ACE1E2E04F500C5A4E2 /* Debug */ = {
			isa = XCBuildConfiguration;
			baseConfigurationReference = C89C20DA4F4E0396428AFD08 /* Pods-CallCenterSwiftTests.debug.xcconfig */;
			buildSettings = {
				ALWAYS_EMBED_SWIFT_STANDARD_LIBRARIES = YES;
				BUNDLE_LOADER = "$(TEST_HOST)";
				INFOPLIST_FILE = CallCenterSwiftTests/Info.plist;
				LD_RUNPATH_SEARCH_PATHS = "$(inherited) @executable_path/Frameworks @loader_path/Frameworks";
				PRODUCT_BUNDLE_IDENTIFIER = personal.zjy.CallCenterSwiftTests;
				PRODUCT_NAME = "$(TARGET_NAME)";
				SWIFT_VERSION = 3.0;
				TEST_HOST = "$(BUILT_PRODUCTS_DIR)/CallCenterSwift.app/CallCenterSwift";
			};
			name = Debug;
		};
		80B65ACF1E2E04F500C5A4E2 /* Release */ = {
			isa = XCBuildConfiguration;
			baseConfigurationReference = 960B6D213D3634CCD3D153B9 /* Pods-CallCenterSwiftTests.release.xcconfig */;
			buildSettings = {
				ALWAYS_EMBED_SWIFT_STANDARD_LIBRARIES = YES;
				BUNDLE_LOADER = "$(TEST_HOST)";
				INFOPLIST_FILE = CallCenterSwiftTests/Info.plist;
				LD_RUNPATH_SEARCH_PATHS = "$(inherited) @executable_path/Frameworks @loader_path/Frameworks";
				PRODUCT_BUNDLE_IDENTIFIER = personal.zjy.CallCenterSwiftTests;
				PRODUCT_NAME = "$(TARGET_NAME)";
				SWIFT_VERSION = 3.0;
				TEST_HOST = "$(BUILT_PRODUCTS_DIR)/CallCenterSwift.app/CallCenterSwift";
			};
			name = Release;
		};
		80B65AD11E2E04F500C5A4E2 /* Debug */ = {
			isa = XCBuildConfiguration;
			buildSettings = {
				ALWAYS_EMBED_SWIFT_STANDARD_LIBRARIES = YES;
				INFOPLIST_FILE = CallCenterSwiftUITests/Info.plist;
				LD_RUNPATH_SEARCH_PATHS = "$(inherited) @executable_path/Frameworks @loader_path/Frameworks";
				PRODUCT_BUNDLE_IDENTIFIER = personal.zjy.CallCenterSwiftUITests;
				PRODUCT_NAME = "$(TARGET_NAME)";
				SWIFT_VERSION = 3.0;
				TEST_TARGET_NAME = CallCenterSwift;
			};
			name = Debug;
		};
		80B65AD21E2E04F500C5A4E2 /* Release */ = {
			isa = XCBuildConfiguration;
			buildSettings = {
				ALWAYS_EMBED_SWIFT_STANDARD_LIBRARIES = YES;
				INFOPLIST_FILE = CallCenterSwiftUITests/Info.plist;
				LD_RUNPATH_SEARCH_PATHS = "$(inherited) @executable_path/Frameworks @loader_path/Frameworks";
				PRODUCT_BUNDLE_IDENTIFIER = personal.zjy.CallCenterSwiftUITests;
				PRODUCT_NAME = "$(TARGET_NAME)";
				SWIFT_VERSION = 3.0;
				TEST_TARGET_NAME = CallCenterSwift;
			};
			name = Release;
		};
/* End XCBuildConfiguration section */

/* Begin XCConfigurationList section */
		80B65A9D1E2E04F500C5A4E2 /* Build configuration list for PBXProject "CallCenterSwift" */ = {
			isa = XCConfigurationList;
			buildConfigurations = (
				80B65AC81E2E04F500C5A4E2 /* Debug */,
				80B65AC91E2E04F500C5A4E2 /* Release */,
			);
			defaultConfigurationIsVisible = 0;
			defaultConfigurationName = Release;
		};
		80B65ACA1E2E04F500C5A4E2 /* Build configuration list for PBXNativeTarget "CallCenterSwift" */ = {
			isa = XCConfigurationList;
			buildConfigurations = (
				80B65ACB1E2E04F500C5A4E2 /* Debug */,
				80B65ACC1E2E04F500C5A4E2 /* Release */,
			);
			defaultConfigurationIsVisible = 0;
			defaultConfigurationName = Release;
		};
		80B65ACD1E2E04F500C5A4E2 /* Build configuration list for PBXNativeTarget "CallCenterSwiftTests" */ = {
			isa = XCConfigurationList;
			buildConfigurations = (
				80B65ACE1E2E04F500C5A4E2 /* Debug */,
				80B65ACF1E2E04F500C5A4E2 /* Release */,
			);
			defaultConfigurationIsVisible = 0;
			defaultConfigurationName = Release;
		};
		80B65AD01E2E04F500C5A4E2 /* Build configuration list for PBXNativeTarget "CallCenterSwiftUITests" */ = {
			isa = XCConfigurationList;
			buildConfigurations = (
				80B65AD11E2E04F500C5A4E2 /* Debug */,
				80B65AD21E2E04F500C5A4E2 /* Release */,
			);
			defaultConfigurationIsVisible = 0;
			defaultConfigurationName = Release;
		};
/* End XCConfigurationList section */
	};
	rootObject = 80B65A9A1E2E04F500C5A4E2 /* Project object */;
}
